<?xml version="1.0" encoding="UTF-8"?>
<CodeBlocks_project_file>
	<FileVersion major="1" minor="6"/>
	<Project>
		<Option title="PokerBot"/>
		<Option makefile_is_custom="1"/>
		<Option compiler="gcc"/>
		<Option virtualFolders="CMake Files\;"/>
		<Build>
			<Target title="all">
				<Option working_dir="/home/thomas.lopvet/delivery/PokerBot"/>
				<Option type="4"/>
				<MakeCommands>
					<Build command="/usr/bin/gmake -f &quot;/home/thomas.lopvet/delivery/PokerBot/Makefile&quot;  VERBOSE=1 all"/>
					<CompileFile command="/usr/bin/gmake -f &quot;/home/thomas.lopvet/delivery/PokerBot/Makefile&quot;  VERBOSE=1 &quot;$file&quot;"/>
					<Clean command="/usr/bin/gmake -f &quot;/home/thomas.lopvet/delivery/PokerBot/Makefile&quot;  VERBOSE=1 clean"/>
					<DistClean command="/usr/bin/gmake -f &quot;/home/thomas.lopvet/delivery/PokerBot/Makefile&quot;  VERBOSE=1 clean"/>
				</MakeCommands>
			</Target>
			<Target title="rebuild_cache">
				<Option working_dir="/home/thomas.lopvet/delivery/PokerBot"/>
				<Option type="4"/>
				<MakeCommands>
					<Build command="/usr/bin/gmake -f &quot;/home/thomas.lopvet/delivery/PokerBot/Makefile&quot;  VERBOSE=1 rebuild_cache"/>
					<CompileFile command="/usr/bin/gmake -f &quot;/home/thomas.lopvet/delivery/PokerBot/Makefile&quot;  VERBOSE=1 &quot;$file&quot;"/>
					<Clean command="/usr/bin/gmake -f &quot;/home/thomas.lopvet/delivery/PokerBot/Makefile&quot;  VERBOSE=1 clean"/>
					<DistClean command="/usr/bin/gmake -f &quot;/home/thomas.lopvet/delivery/PokerBot/Makefile&quot;  VERBOSE=1 clean"/>
				</MakeCommands>
			</Target>
			<Target title="edit_cache">
				<Option working_dir="/home/thomas.lopvet/delivery/PokerBot"/>
				<Option type="4"/>
				<MakeCommands>
					<Build command="/usr/bin/gmake -f &quot;/home/thomas.lopvet/delivery/PokerBot/Makefile&quot;  VERBOSE=1 edit_cache"/>
					<CompileFile command="/usr/bin/gmake -f &quot;/home/thomas.lopvet/delivery/PokerBot/Makefile&quot;  VERBOSE=1 &quot;$file&quot;"/>
					<Clean command="/usr/bin/gmake -f &quot;/home/thomas.lopvet/delivery/PokerBot/Makefile&quot;  VERBOSE=1 clean"/>
					<DistClean command="/usr/bin/gmake -f &quot;/home/thomas.lopvet/delivery/PokerBot/Makefile&quot;  VERBOSE=1 clean"/>
				</MakeCommands>
			</Target>
			<Target title="PokerBot">
				<Option output="/home/thomas.lopvet/delivery/PokerBot/PokerBot" prefix_auto="0" extension_auto="0"/>
				<Option working_dir="/home/thomas.lopvet/delivery/PokerBot"/>
				<Option object_output="./"/>
				<Option type="1"/>
				<Option compiler="gcc"/>
				<Compiler/>
				<MakeCommands>
					<Build command="/usr/bin/gmake -f &quot;/home/thomas.lopvet/delivery/PokerBot/Makefile&quot;  VERBOSE=1 PokerBot"/>
					<CompileFile command="/usr/bin/gmake -f &quot;/home/thomas.lopvet/delivery/PokerBot/Makefile&quot;  VERBOSE=1 &quot;$file&quot;"/>
					<Clean command="/usr/bin/gmake -f &quot;/home/thomas.lopvet/delivery/PokerBot/Makefile&quot;  VERBOSE=1 clean"/>
					<DistClean command="/usr/bin/gmake -f &quot;/home/thomas.lopvet/delivery/PokerBot/Makefile&quot;  VERBOSE=1 clean"/>
				</MakeCommands>
			</Target>
			<Target title="PokerBot/fast">
				<Option output="/home/thomas.lopvet/delivery/PokerBot/PokerBot" prefix_auto="0" extension_auto="0"/>
				<Option working_dir="/home/thomas.lopvet/delivery/PokerBot"/>
				<Option object_output="./"/>
				<Option type="1"/>
				<Option compiler="gcc"/>
				<Compiler/>
				<MakeCommands>
					<Build command="/usr/bin/gmake -f &quot;/home/thomas.lopvet/delivery/PokerBot/Makefile&quot;  VERBOSE=1 PokerBot/fast"/>
					<CompileFile command="/usr/bin/gmake -f &quot;/home/thomas.lopvet/delivery/PokerBot/Makefile&quot;  VERBOSE=1 &quot;$file&quot;"/>
					<Clean command="/usr/bin/gmake -f &quot;/home/thomas.lopvet/delivery/PokerBot/Makefile&quot;  VERBOSE=1 clean"/>
					<DistClean command="/usr/bin/gmake -f &quot;/home/thomas.lopvet/delivery/PokerBot/Makefile&quot;  VERBOSE=1 clean"/>
				</MakeCommands>
			</Target>
		</Build>
		<Unit filename="/home/thomas.lopvet/delivery/PokerBot/main.cpp">
			<Option target="PokerBot"/>
		</Unit>
		<Unit filename="/home/thomas.lopvet/delivery/PokerBot/src/GameManager.cpp">
			<Option target="PokerBot"/>
		</Unit>
		<Unit filename="/home/thomas.lopvet/delivery/PokerBot/src/GameManager.hpp">
			<Option target="PokerBot"/>
		</Unit>
		<Unit filename="/home/thomas.lopvet/delivery/PokerBot/src/PokerBot.cpp">
			<Option target="PokerBot"/>
		</Unit>
		<Unit filename="/home/thomas.lopvet/delivery/PokerBot/src/PokerBot.hpp">
			<Option target="PokerBot"/>
		</Unit>
		<Unit filename="/home/thomas.lopvet/delivery/PokerBot/src/enum.hpp">
			<Option target="PokerBot"/>
		</Unit>
		<Unit filename="/home/thomas.lopvet/delivery/PokerBot/CMakeLists.txt">
			<Option virtualFolder="CMake Files\"/>
		</Unit>
	</Project>
</CodeBlocks_project_file>
